{
  "name": "contiamo-visualizations",
  "version": "0.0.1-36",
  "lockfileVersion": 1,
  "requires": true,
  "dependencies": {
    "@types/d3-array": {
      "version": "1.2.1",
      "resolved": "https://registry.npmjs.org/@types/d3-array/-/d3-array-1.2.1.tgz",
      "integrity": "sha512-YBaAfimGdWE4nDuoGVKsH89/dkz2hWZ0i8qC+xxqmqi+XJ/aXiRF0jPtzXmN7VdkpVjy1xuDmM5/m1FNuB6VWA=="
    },
    "@types/d3-time-format": {
      "version": "2.1.0",
      "resolved": "https://registry.npmjs.org/@types/d3-time-format/-/d3-time-format-2.1.0.tgz",
      "integrity": "sha512-/myT3I7EwlukNOX2xVdMzb8FRgNzRMpsZddwst9Ld/VFe6LyJyRp0s32l/V9XoUzk+Gqu56F/oGk6507+8BxrA=="
    }
  }
}
